<?xml version="1.0" encoding="utf-8"?>
<Project ToolsVersion="4.0" xmlns="http://schemas.microsoft.com/developer/msbuild/2003">
  <ItemGroup>
    <Filter Include="Source Files">
      <UniqueIdentifier>{4FC737F1-C7A5-4376-A066-2A32D752A2FF}</UniqueIdentifier>
      <Extensions>cpp;c;cc;cxx;c++;def;odl;idl;hpj;bat;asm;asmx</Extensions>
    </Filter>
    <Filter Include="Header Files">
      <UniqueIdentifier>{93995380-89BD-4b04-88EB-625FBE52EBFB}</UniqueIdentifier>
      <Extensions>h;hh;hpp;hxx;h++;hm;inl;inc;ipp;xsd</Extensions>
    </Filter>
    <Filter Include="Resource Files">
      <UniqueIdentifier>{67DA6AB6-F800-4c08-8B7A-83BB121AAD01}</UniqueIdentifier>
      <Extensions>rc;ico;cur;bmp;dlg;rc2;rct;bin;rgs;gif;jpg;jpeg;jpe;resx;tiff;tif;png;wav;mfcribbon-ms</Extensions>
    </Filter>
    <Filter Include="Header Files\sys">
      <UniqueIdentifier>{7f63fad4-298d-4b86-928f-e96930aacb79}</UniqueIdentifier>
    </Filter>
    <Filter Include="external">
      <UniqueIdentifier>{43d3ac86-dc45-47aa-b79f-4d85e13ea397}</UniqueIdentifier>
    </Filter>
  </ItemGroup>
  <ItemGroup>
    <Text Include="todo.txt" />
    <Text Include="external\libs.txt">
      <Filter>external</Filter>
    </Text>
  </ItemGroup>
  <ItemGroup>
    <ClCompile Include="src\CAmplifier.cpp">
      <Filter>Source Files</Filter>
    </ClCompile>
    <ClCompile Include="src\CAudioTools.cpp">
      <Filter>Source Files</Filter>
    </ClCompile>
    <ClCompile Include="src\CBatchProcess.cpp">
      <Filter>Source Files</Filter>
    </ClCompile>
    <ClCompile Include="src\CLoudnessAnalyser.cpp">
      <Filter>Source Files</Filter>
    </ClCompile>
    <ClCompile Include="src\CLoudnessNormaliser.cpp">
      <Filter>Source Files</Filter>
    </ClCompile>
    <ClCompile Include="src\CPeakLimiter.cpp">
      <Filter>Source Files</Filter>
    </ClCompile>
    <ClCompile Include="src\CSamplePeakDetector.cpp">
      <Filter>Source Files</Filter>
    </ClCompile>
    <ClCompile Include="src\CStringTools.cpp">
      <Filter>Source Files</Filter>
    </ClCompile>
    <ClCompile Include="src\CWAVReader.cpp">
      <Filter>Source Files</Filter>
    </ClCompile>
    <ClCompile Include="src\CWAVWriter.cpp">
      <Filter>Source Files</Filter>
    </ClCompile>
    <ClCompile Include="src\ebur128.c">
      <Filter>Source Files</Filter>
    </ClCompile>
    <ClCompile Include="src\loudproc.cpp">
      <Filter>Source Files</Filter>
    </ClCompile>
    <ClCompile Include="src\peakLimiter.cpp">
      <Filter>Source Files</Filter>
    </ClCompile>
    <ClCompile Include="src\wave.c">
      <Filter>Source Files</Filter>
    </ClCompile>
    <ClCompile Include="src\CSRCSourceAdapter.cpp">
      <Filter>Source Files</Filter>
    </ClCompile>
    <ClCompile Include="src\CSRCDestinationAdapter.cpp">
      <Filter>Source Files</Filter>
    </ClCompile>
  </ItemGroup>
  <ItemGroup>
    <ClInclude Include="include\args.hxx">
      <Filter>Header Files</Filter>
    </ClInclude>
    <ClInclude Include="include\CAmplifier.h">
      <Filter>Header Files</Filter>
    </ClInclude>
    <ClInclude Include="include\CAudioTools.h">
      <Filter>Header Files</Filter>
    </ClInclude>
    <ClInclude Include="include\CBatchProcess.h">
      <Filter>Header Files</Filter>
    </ClInclude>
    <ClInclude Include="include\CLoudnessAnalyser.h">
      <Filter>Header Files</Filter>
    </ClInclude>
    <ClInclude Include="include\CLoudnessNormaliser.h">
      <Filter>Header Files</Filter>
    </ClInclude>
    <ClInclude Include="include\CPeakLimiter.h">
      <Filter>Header Files</Filter>
    </ClInclude>
    <ClInclude Include="include\CSamplePeakDetector.h">
      <Filter>Header Files</Filter>
    </ClInclude>
    <ClInclude Include="include\CStringTools.h">
      <Filter>Header Files</Filter>
    </ClInclude>
    <ClInclude Include="include\CWAVReader.h">
      <Filter>Header Files</Filter>
    </ClInclude>
    <ClInclude Include="include\CWAVWriter.h">
      <Filter>Header Files</Filter>
    </ClInclude>
    <ClInclude Include="include\debug.h">
      <Filter>Header Files</Filter>
    </ClInclude>
    <ClInclude Include="include\ebur128.h">
      <Filter>Header Files</Filter>
    </ClInclude>
    <ClInclude Include="include\errorcodes.h">
      <Filter>Header Files</Filter>
    </ClInclude>
    <ClInclude Include="include\IAudioDestination.h">
      <Filter>Header Files</Filter>
    </ClInclude>
    <ClInclude Include="include\IAudioFilter.h">
      <Filter>Header Files</Filter>
    </ClInclude>
    <ClInclude Include="include\IAudioSource.h">
      <Filter>Header Files</Filter>
    </ClInclude>
    <ClInclude Include="include\macros.h">
      <Filter>Header Files</Filter>
    </ClInclude>
    <ClInclude Include="include\peakLimiter.h">
      <Filter>Header Files</Filter>
    </ClInclude>
    <ClInclude Include="include\wave.h">
      <Filter>Header Files</Filter>
    </ClInclude>
    <ClInclude Include="include\sys\queue.h">
      <Filter>Header Files\sys</Filter>
    </ClInclude>
    <ClInclude Include="include\r8bsrc.h">
      <Filter>Header Files</Filter>
    </ClInclude>
    <ClInclude Include="include\CSRCSourceAdapter.h">
      <Filter>Header Files</Filter>
    </ClInclude>
    <ClInclude Include="include\CSRCDestinationAdapter.h">
      <Filter>Header Files</Filter>
    </ClInclude>
  </ItemGroup>
</Project>